
Microsoft Visual Studio Solution File, Format Version 12.00
# Visual Studio Version 16
VisualStudioVersion = 16.0.31019.35
MinimumVisualStudioVersion = 10.0.40219.1
Project("{FAE04EC0-301F-11D3-BF4B-00C04F79EFBC}") = "HelloUnitTestWorkFlow", "HelloUnitTestWorkFlow\HelloUnitTestWorkFlow.csproj", "{F6386EEF-7D48-448B-8AD6-00B2B5530B33}"
EndProject
Project("{FAE04EC0-301F-11D3-BF4B-00C04F79EFBC}") = "Tests", "Tests\Tests.csproj", "{EA2E3D96-2A22-46FF-862E-E7C177A4BEE4}"
EndProject
Global
	GlobalSection(SolutionConfigurationPlatforms) = preSolution
		Debug|Any CPU = Debug|Any CPU
		Release|Any CPU = Release|Any CPU
	EndGlobalSection
	GlobalSection(ProjectConfigurationPlatforms) = postSolution
		{F6386EEF-7D48-448B-8AD6-00B2B5530B33}.Debug|Any CPU.ActiveCfg = Debug|Any CPU
		{F6386EEF-7D48-448B-8AD6-00B2B5530B33}.Debug|Any CPU.Build.0 = Debug|Any CPU
		{F6386EEF-7D48-448B-8AD6-00B2B5530B33}.Release|Any CPU.ActiveCfg = Release|Any CPU
		{F6386EEF-7D48-448B-8AD6-00B2B5530B33}.Release|Any CPU.Build.0 = Release|Any CPU
		{EA2E3D96-2A22-46FF-862E-E7C177A4BEE4}.Debug|Any CPU.ActiveCfg = Debug|Any CPU
		{EA2E3D96-2A22-46FF-862E-E7C177A4BEE4}.Debug|Any CPU.Build.0 = Debug|Any CPU
		{EA2E3D96-2A22-46FF-862E-E7C177A4BEE4}.Release|Any CPU.ActiveCfg = Release|Any CPU
		{EA2E3D96-2A22-46FF-862E-E7C177A4BEE4}.Release|Any CPU.Build.0 = Release|Any CPU
	EndGlobalSection
	GlobalSection(SolutionProperties) = preSolution
		HideSolutionNode = FALSE
	EndGlobalSection
	GlobalSection(ExtensibilityGlobals) = postSolution
		SolutionGuid = {0FCC2DF8-82D8-4780-A5C8-1E594B2D374D}
	EndGlobalSection
EndGlobal
